
Microsoft Visual Studio Solution File, Format Version 12.00
# Visual Studio Version 17
VisualStudioVersion = 17.7.34009.444
MinimumVisualStudioVersion = 10.0.40219.1
Project("{FAE04EC0-301F-11D3-BF4B-00C04F79EFBC}") = "api1", "api1\api1.csproj", "{F57C7677-A734-4AB7-B0CC-344EDBA0C64C}"
EndProject
Global
	GlobalSection(SolutionConfigurationPlatforms) = preSolution
		Debug|Any CPU = Debug|Any CPU
		Release|Any CPU = Release|Any CPU
	EndGlobalSection
	GlobalSection(ProjectConfigurationPlatforms) = postSolution
		{F57C7677-A734-4AB7-B0CC-344EDBA0C64C}.Debug|Any CPU.ActiveCfg = Debug|Any CPU
		{F57C7677-A734-4AB7-B0CC-344EDBA0C64C}.Debug|Any CPU.Build.0 = Debug|Any CPU
		{F57C7677-A734-4AB7-B0CC-344EDBA0C64C}.Release|Any CPU.ActiveCfg = Release|Any CPU
		{F57C7677-A734-4AB7-B0CC-344EDBA0C64C}.Release|Any CPU.Build.0 = Release|Any CPU
	EndGlobalSection
	GlobalSection(SolutionProperties) = preSolution
		HideSolutionNode = FALSE
	EndGlobalSection
	GlobalSection(ExtensibilityGlobals) = postSolution
		SolutionGuid = {62B912F4-6531-429A-A0BE-C4F4B707E9AA}
	EndGlobalSection
EndGlobal
